
Microsoft Visual Studio Solution File, Format Version 12.00
# Visual Studio Version 17
VisualStudioVersion = 17.3.32825.248
MinimumVisualStudioVersion = 10.0.40219.1
Project("{FAE04EC0-301F-11D3-BF4B-00C04F79EFBC}") = "gitwebapp", "gitwebapp\gitwebapp.csproj", "{0210538F-D179-4C00-A6B0-3D9D0CEDA75F}"
EndProject
Global
	GlobalSection(SolutionConfigurationPlatforms) = preSolution
		Debug|Any CPU = Debug|Any CPU
		Release|Any CPU = Release|Any CPU
	EndGlobalSection
	GlobalSection(ProjectConfigurationPlatforms) = postSolution
		{0210538F-D179-4C00-A6B0-3D9D0CEDA75F}.Debug|Any CPU.ActiveCfg = Debug|Any CPU
		{0210538F-D179-4C00-A6B0-3D9D0CEDA75F}.Debug|Any CPU.Build.0 = Debug|Any CPU
		{0210538F-D179-4C00-A6B0-3D9D0CEDA75F}.Release|Any CPU.ActiveCfg = Release|Any CPU
		{0210538F-D179-4C00-A6B0-3D9D0CEDA75F}.Release|Any CPU.Build.0 = Release|Any CPU
	EndGlobalSection
	GlobalSection(SolutionProperties) = preSolution
		HideSolutionNode = FALSE
	EndGlobalSection
	GlobalSection(ExtensibilityGlobals) = postSolution
		SolutionGuid = {65E21627-09B8-46EF-A0F1-BF4BB39604B5}
	EndGlobalSection
EndGlobal
